
Microsoft Visual Studio Solution File, Format Version 12.00
# Visual Studio 15
VisualStudioVersion = 15.0.28010.2036
MinimumVisualStudioVersion = 10.0.40219.1
Project("{FAE04EC0-301F-11D3-BF4B-00C04F79EFBC}") = "Cake.Jira", "Cake.Jira\Cake.Jira.csproj", "{480E3BE1-9273-4C85-B960-E53064F43BC5}"
EndProject
Project("{9A19103F-16F7-4668-BE54-9A1E7A4F7556}") = "Cake.Jira.Tests", "Cake.Jira.Tests\Cake.Jira.Tests.csproj", "{270EA3AB-A4FD-4CB4-BA6A-6C4B06626E4F}"
EndProject
Global
	GlobalSection(SolutionConfigurationPlatforms) = preSolution
		Debug|Any CPU = Debug|Any CPU
		Release|Any CPU = Release|Any CPU
	EndGlobalSection
	GlobalSection(ProjectConfigurationPlatforms) = postSolution
		{480E3BE1-9273-4C85-B960-E53064F43BC5}.Debug|Any CPU.ActiveCfg = Debug|Any CPU
		{480E3BE1-9273-4C85-B960-E53064F43BC5}.Debug|Any CPU.Build.0 = Debug|Any CPU
		{480E3BE1-9273-4C85-B960-E53064F43BC5}.Release|Any CPU.ActiveCfg = Release|Any CPU
		{480E3BE1-9273-4C85-B960-E53064F43BC5}.Release|Any CPU.Build.0 = Release|Any CPU
		{270EA3AB-A4FD-4CB4-BA6A-6C4B06626E4F}.Debug|Any CPU.ActiveCfg = Debug|Any CPU
		{270EA3AB-A4FD-4CB4-BA6A-6C4B06626E4F}.Debug|Any CPU.Build.0 = Debug|Any CPU
		{270EA3AB-A4FD-4CB4-BA6A-6C4B06626E4F}.Release|Any CPU.ActiveCfg = Release|Any CPU
		{270EA3AB-A4FD-4CB4-BA6A-6C4B06626E4F}.Release|Any CPU.Build.0 = Release|Any CPU
	EndGlobalSection
	GlobalSection(SolutionProperties) = preSolution
		HideSolutionNode = FALSE
	EndGlobalSection
	GlobalSection(ExtensibilityGlobals) = postSolution
		SolutionGuid = {9B0B0B08-4E59-438B-B0EE-F4B6AAC3C9B6}
	EndGlobalSection
EndGlobal
